
Microsoft Visual Studio Solution File, Format Version 12.00
# Visual Studio Version 16
VisualStudioVersion = 16.0.30907.101
MinimumVisualStudioVersion = 10.0.40219.1
Project("{FAE04EC0-301F-11D3-BF4B-00C04F79EFBC}") = "DeveValheimCharacterVersnuiveraar", "DeveValheimCharacterVersnuiveraar\DeveValheimCharacterVersnuiveraar.csproj", "{DDE7D7F2-D8B1-4A26-9386-2C03B0603789}"
EndProject
Global
	GlobalSection(SolutionConfigurationPlatforms) = preSolution
		Debug|Any CPU = Debug|Any CPU
		Release|Any CPU = Release|Any CPU
	EndGlobalSection
	GlobalSection(ProjectConfigurationPlatforms) = postSolution
		{DDE7D7F2-D8B1-4A26-9386-2C03B0603789}.Debug|Any CPU.ActiveCfg = Debug|Any CPU
		{DDE7D7F2-D8B1-4A26-9386-2C03B0603789}.Debug|Any CPU.Build.0 = Debug|Any CPU
		{DDE7D7F2-D8B1-4A26-9386-2C03B0603789}.Release|Any CPU.ActiveCfg = Release|Any CPU
		{DDE7D7F2-D8B1-4A26-9386-2C03B0603789}.Release|Any CPU.Build.0 = Release|Any CPU
	EndGlobalSection
	GlobalSection(SolutionProperties) = preSolution
		HideSolutionNode = FALSE
	EndGlobalSection
	GlobalSection(ExtensibilityGlobals) = postSolution
		SolutionGuid = {D93D16DF-37CF-4335-B513-6FD4F5E5DDF7}
	EndGlobalSection
EndGlobal
